
Microsoft Visual Studio Solution File, Format Version 12.00
# Visual Studio 15
VisualStudioVersion = 15.0.28010.2048
MinimumVisualStudioVersion = 10.0.40219.1
Project("{FAE04EC0-301F-11D3-BF4B-00C04F79EFBC}") = "LearnLanguage", "LearnLanguage\LearnLanguage.csproj", "{47418AEB-BCCF-4DA0-AC72-AF3DF8B759E5}"
EndProject
Project("{FAE04EC0-301F-11D3-BF4B-00C04F79EFBC}") = "LearnLanguageBL", "LearnLanguageBL\LearnLanguageBL.csproj", "{17C28780-CB06-4FBB-83A5-ADC03A18FFD1}"
EndProject
Project("{FAE04EC0-301F-11D3-BF4B-00C04F79EFBC}") = "LearnLanguageBLTests", "WordsFromFile.Tests\LearnLanguageBLTests.csproj", "{98C1E3AE-665B-489C-A800-C652921F4310}"
EndProject
Global
	GlobalSection(SolutionConfigurationPlatforms) = preSolution
		Debug|Any CPU = Debug|Any CPU
		Release|Any CPU = Release|Any CPU
	EndGlobalSection
	GlobalSection(ProjectConfigurationPlatforms) = postSolution
		{47418AEB-BCCF-4DA0-AC72-AF3DF8B759E5}.Debug|Any CPU.ActiveCfg = Debug|Any CPU
		{47418AEB-BCCF-4DA0-AC72-AF3DF8B759E5}.Debug|Any CPU.Build.0 = Debug|Any CPU
		{47418AEB-BCCF-4DA0-AC72-AF3DF8B759E5}.Release|Any CPU.ActiveCfg = Release|Any CPU
		{47418AEB-BCCF-4DA0-AC72-AF3DF8B759E5}.Release|Any CPU.Build.0 = Release|Any CPU
		{17C28780-CB06-4FBB-83A5-ADC03A18FFD1}.Debug|Any CPU.ActiveCfg = Debug|Any CPU
		{17C28780-CB06-4FBB-83A5-ADC03A18FFD1}.Debug|Any CPU.Build.0 = Debug|Any CPU
		{17C28780-CB06-4FBB-83A5-ADC03A18FFD1}.Release|Any CPU.ActiveCfg = Release|Any CPU
		{17C28780-CB06-4FBB-83A5-ADC03A18FFD1}.Release|Any CPU.Build.0 = Release|Any CPU
		{98C1E3AE-665B-489C-A800-C652921F4310}.Debug|Any CPU.ActiveCfg = Debug|Any CPU
		{98C1E3AE-665B-489C-A800-C652921F4310}.Debug|Any CPU.Build.0 = Debug|Any CPU
		{98C1E3AE-665B-489C-A800-C652921F4310}.Release|Any CPU.ActiveCfg = Release|Any CPU
		{98C1E3AE-665B-489C-A800-C652921F4310}.Release|Any CPU.Build.0 = Release|Any CPU
	EndGlobalSection
	GlobalSection(SolutionProperties) = preSolution
		HideSolutionNode = FALSE
	EndGlobalSection
	GlobalSection(ExtensibilityGlobals) = postSolution
		SolutionGuid = {918C4C7E-4E76-41CC-AB45-C8B3F8BC5A06}
	EndGlobalSection
EndGlobal
